{
  "name": "fixthatform",
  "lockfileVersion": 3,
  "requires": true,
  "packages": {
    "": {
      "dependencies": {
        "@rive-app/canvas": "^2.21.2",
        "@rive-app/canvas-advanced-single": "^2.21.2"
      }
    },
    "node_modules/@rive-app/canvas": {
      "version": "2.21.2",
      "resolved": "https://registry.npmjs.org/@rive-app/canvas/-/canvas-2.21.2.tgz",
      "integrity": "sha512-y+PQDA1uCWNQo27ej42JqHB/fjWN4GYE3ewrWRcJ++rOCLiNvgTP9wCHr+JRzIQJM3CFV3x9YtJf759WkzWGcQ=="
    },
    "node_modules/@rive-app/canvas-advanced-single": {
      "version": "2.21.2",
      "resolved": "https://registry.npmjs.org/@rive-app/canvas-advanced-single/-/canvas-advanced-single-2.21.2.tgz",
      "integrity": "sha512-W/xJjM46SRm61A1J0XSmLISIzdSPZ0wAuLFjypv+IkQtl8ucLAR3XWCzs6uvRH6f38DDEFbLwKA+khKRdV1e2w=="
    }
  }
}
